Microsoft Visual Studio Solution File, Format Version 12.00
# Visual Studio Version 17
VisualStudioVersion = 17.1.32328.378
MinimumVisualStudioVersion = 10.0.40219.1
Project("{9A19103F-16F7-4668-BE54-9A1E7A4F7556}") = "TaxAssistant.JPK.Server", "TaxAssistant.JPK\Server\TaxAssistant.JPK.Server.csproj", "{45E3BDA0-ADCD-409F-9FF2-87635EA542BE}"
EndProject
Project("{9A19103F-16F7-4668-BE54-9A1E7A4F7556}") = "TaxAssistant.JPK.Client", "TaxAssistant.JPK\Client\TaxAssistant.JPK.Client.csproj", "{047762EF-92F6-465E-9441-EB8D6AF34617}"
EndProject
Project("{9A19103F-16F7-4668-BE54-9A1E7A4F7556}") = "TaxAssistant.JPK.Shared", "TaxAssistant.JPK\Shared\TaxAssistant.JPK.Shared.csproj", "{602AF726-FA7A-4E02-B3D8-956EBD8CC2CE}"
EndProject
Project("{9A19103F-16F7-4668-BE54-9A1E7A4F7556}") = "TaxAssistant.JPK.Database", "TaxAssistant.JPK.Database\TaxAssistant.JPK.Database.csproj", "{DB9ACD3A-BEA8-4287-8B75-51D1F7A42C04}"
EndProject
Project("{2150E333-8FDC-42A3-9474-1A3956D46DE8}") = "Solution Items", "Solution Items", "{D34194D5-D61D-4199-96AB-9CC8A4501B9C}"
	ProjectSection(SolutionItems) = preProject
		.editorconfig = .editorconfig
		README.MD = README.MD
	EndProjectSection
EndProject
Project("{9A19103F-16F7-4668-BE54-9A1E7A4F7556}") = "TaxAssistant.JPK.ApplicationLogic", "TasAssistant.JPK.ApplicationLogic\TaxAssistant.JPK.ApplicationLogic.csproj", "{3B1943A2-A523-432B-8AEB-C159672D440F}"
EndProject
Project("{9A19103F-16F7-4668-BE54-9A1E7A4F7556}") = "TaxAssistant.CQRS", "TaxAssistant.CQRS\TaxAssistant.CQRS.csproj", "{6A68E0FD-BE07-4C12-AE3F-8BF0BC92D0D8}"
EndProject
Project("{9A19103F-16F7-4668-BE54-9A1E7A4F7556}") = "TaxAssistant.JPK.Tests.UnitTests", "Tests\TaxAssistant.JPK.Tests.UnitTests\TaxAssistant.JPK.Tests.UnitTests.csproj", "{2960CAFC-7B46-4915-B7AA-0BC0EB127198}"
EndProject
Project("{9A19103F-16F7-4668-BE54-9A1E7A4F7556}") = "TaxAssistant.JPK.Tests.IntegrationTests", "Tests\TaxAssistant.JPK.Tests.IntegrationTests\TaxAssistant.JPK.Tests.IntegrationTests.csproj", "{7B975CFA-80FF-4465-8E33-073D6651D6DB}"
EndProject
Project("{FAE04EC0-301F-11D3-BF4B-00C04F79EFBC}") = "TaxAssistant.DDD", "TaxAssistant.DDD\TaxAssistant.DDD.csproj", "{6FA79174-A5EF-441D-86E7-DC2E92CEA7B6}"
EndProject
Project("{2150E333-8FDC-42A3-9474-1A3956D46DE8}") = "Tests", "Tests", "{5C1B8F61-7AE8-4E44-BF7C-B8703BECBDFC}"
EndProject
Project("{FAE04EC0-301F-11D3-BF4B-00C04F79EFBC}") = "TaxAssistant.JPK.Tests.FrontendTests", "Tests\TaxAssistant.JPK.Tests.FrontendTests\TaxAssistant.JPK.Tests.FrontendTests.csproj", "{E882E830-1C1F-4ABC-88AE-D059E4BF5591}"
EndProject
Global
	GlobalSection(SolutionConfigurationPlatforms) = preSolution
		Debug|Any CPU = Debug|Any CPU
		Release|Any CPU = Release|Any CPU
	EndGlobalSection
	GlobalSection(ProjectConfigurationPlatforms) = postSolution
		{45E3BDA0-ADCD-409F-9FF2-87635EA542BE}.Debug|Any CPU.ActiveCfg = Debug|Any CPU
		{45E3BDA0-ADCD-409F-9FF2-87635EA542BE}.Debug|Any CPU.Build.0 = Debug|Any CPU
		{45E3BDA0-ADCD-409F-9FF2-87635EA542BE}.Release|Any CPU.ActiveCfg = Release|Any CPU
		{45E3BDA0-ADCD-409F-9FF2-87635EA542BE}.Release|Any CPU.Build.0 = Release|Any CPU
		{047762EF-92F6-465E-9441-EB8D6AF34617}.Debug|Any CPU.ActiveCfg = Debug|Any CPU
		{047762EF-92F6-465E-9441-EB8D6AF34617}.Debug|Any CPU.Build.0 = Debug|Any CPU
		{047762EF-92F6-465E-9441-EB8D6AF34617}.Release|Any CPU.ActiveCfg = Release|Any CPU
		{047762EF-92F6-465E-9441-EB8D6AF34617}.Release|Any CPU.Build.0 = Release|Any CPU
		{602AF726-FA7A-4E02-B3D8-956EBD8CC2CE}.Debug|Any CPU.ActiveCfg = Debug|Any CPU
		{602AF726-FA7A-4E02-B3D8-956EBD8CC2CE}.Debug|Any CPU.Build.0 = Debug|Any CPU
		{602AF726-FA7A-4E02-B3D8-956EBD8CC2CE}.Release|Any CPU.ActiveCfg = Release|Any CPU
		{602AF726-FA7A-4E02-B3D8-956EBD8CC2CE}.Release|Any CPU.Build.0 = Release|Any CPU
		{DB9ACD3A-BEA8-4287-8B75-51D1F7A42C04}.Debug|Any CPU.ActiveCfg = Debug|Any CPU
		{DB9ACD3A-BEA8-4287-8B75-51D1F7A42C04}.Debug|Any CPU.Build.0 = Debug|Any CPU
		{DB9ACD3A-BEA8-4287-8B75-51D1F7A42C04}.Release|Any CPU.ActiveCfg = Release|Any CPU
		{DB9ACD3A-BEA8-4287-8B75-51D1F7A42C04}.Release|Any CPU.Build.0 = Release|Any CPU
		{3B1943A2-A523-432B-8AEB-C159672D440F}.Debug|Any CPU.ActiveCfg = Debug|Any CPU
		{3B1943A2-A523-432B-8AEB-C159672D440F}.Debug|Any CPU.Build.0 = Debug|Any CPU
		{3B1943A2-A523-432B-8AEB-C159672D440F}.Release|Any CPU.ActiveCfg = Release|Any CPU
		{3B1943A2-A523-432B-8AEB-C159672D440F}.Release|Any CPU.Build.0 = Release|Any CPU
		{6A68E0FD-BE07-4C12-AE3F-8BF0BC92D0D8}.Debug|Any CPU.ActiveCfg = Debug|Any CPU
		{6A68E0FD-BE07-4C12-AE3F-8BF0BC92D0D8}.Debug|Any CPU.Build.0 = Debug|Any CPU
		{6A68E0FD-BE07-4C12-AE3F-8BF0BC92D0D8}.Release|Any CPU.ActiveCfg = Release|Any CPU
		{6A68E0FD-BE07-4C12-AE3F-8BF0BC92D0D8}.Release|Any CPU.Build.0 = Release|Any CPU
		{2960CAFC-7B46-4915-B7AA-0BC0EB127198}.Debug|Any CPU.ActiveCfg = Debug|Any CPU
		{2960CAFC-7B46-4915-B7AA-0BC0EB127198}.Debug|Any CPU.Build.0 = Debug|Any CPU
		{2960CAFC-7B46-4915-B7AA-0BC0EB127198}.Release|Any CPU.ActiveCfg = Release|Any CPU
		{2960CAFC-7B46-4915-B7AA-0BC0EB127198}.Release|Any CPU.Build.0 = Release|Any CPU
		{7B975CFA-80FF-4465-8E33-073D6651D6DB}.Debug|Any CPU.ActiveCfg = Debug|Any CPU
		{7B975CFA-80FF-4465-8E33-073D6651D6DB}.Debug|Any CPU.Build.0 = Debug|Any CPU
		{7B975CFA-80FF-4465-8E33-073D6651D6DB}.Release|Any CPU.ActiveCfg = Release|Any CPU
		{7B975CFA-80FF-4465-8E33-073D6651D6DB}.Release|Any CPU.Build.0 = Release|Any CPU
		{6FA79174-A5EF-441D-86E7-DC2E92CEA7B6}.Debug|Any CPU.ActiveCfg = Debug|Any CPU
		{6FA79174-A5EF-441D-86E7-DC2E92CEA7B6}.Debug|Any CPU.Build.0 = Debug|Any CPU
		{6FA79174-A5EF-441D-86E7-DC2E92CEA7B6}.Release|Any CPU.ActiveCfg = Release|Any CPU
		{6FA79174-A5EF-441D-86E7-DC2E92CEA7B6}.Release|Any CPU.Build.0 = Release|Any CPU
		{E882E830-1C1F-4ABC-88AE-D059E4BF5591}.Debug|Any CPU.ActiveCfg = Debug|Any CPU
		{E882E830-1C1F-4ABC-88AE-D059E4BF5591}.Debug|Any CPU.Build.0 = Debug|Any CPU
		{E882E830-1C1F-4ABC-88AE-D059E4BF5591}.Release|Any CPU.ActiveCfg = Release|Any CPU
		{E882E830-1C1F-4ABC-88AE-D059E4BF5591}.Release|Any CPU.Build.0 = Release|Any CPU
	EndGlobalSection
	GlobalSection(SolutionProperties) = preSolution
		HideSolutionNode = FALSE
	EndGlobalSection
	GlobalSection(NestedProjects) = preSolution
		{2960CAFC-7B46-4915-B7AA-0BC0EB127198} = {5C1B8F61-7AE8-4E44-BF7C-B8703BECBDFC}
		{7B975CFA-80FF-4465-8E33-073D6651D6DB} = {5C1B8F61-7AE8-4E44-BF7C-B8703BECBDFC}
		{E882E830-1C1F-4ABC-88AE-D059E4BF5591} = {5C1B8F61-7AE8-4E44-BF7C-B8703BECBDFC}
	EndGlobalSection
	GlobalSection(ExtensibilityGlobals) = postSolution
		SolutionGuid = {CD3373B0-379D-4349-8413-738D5DE8544F}
	EndGlobalSection
EndGlobal
